{
  "name": "drafted_by_kings",
  "version": "1.0.0",
  "lockfileVersion": 3,
  "requires": true,
  "packages": {
    "": {
      "name": "drafted_by_kings",
      "version": "1.0.0",
      "license": "ISC",
      "dependencies": {
        "@capacitor/android": "^8.3.4",
        "@capacitor/camera": "^8.2.0",
        "@capacitor/core": "^8.3.4",
        "@capacitor/filesystem": "^8.1.2"
      }
    },
    "node_modules/@capacitor/android": {
      "version": "8.3.4",
      "resolved": "https://registry.npmjs.org/@capacitor/android/-/android-8.3.4.tgz",
      "integrity": "sha512-7gJjrG3X32Am1QMLqgMztWTYMLMVNE+VZwhekNxhvYizH4mOV05vH+rC9B+f17bCkYZfyu/qXQX6hoY7kLeVZw==",
      "license": "MIT",
      "peerDependencies": {
        "@capacitor/core": "^8.3.0"
      }
    },
    "node_modules/@capacitor/camera": {
      "version": "8.2.0",
      "resolved": "https://registry.npmjs.org/@capacitor/camera/-/camera-8.2.0.tgz",
      "integrity": "sha512-hYfrT6xpL936qoEkIpJzSnb0fQCaTkOux1cXzGBfH8QLOGqr6gSLiWZlZz/fqMPmMKJMNRBqlTQkj5fuMhVZog==",
      "license": "MIT",
      "peerDependencies": {
        "@capacitor/core": ">=8.0.0"
      }
    },
    "node_modules/@capacitor/core": {
      "version": "8.3.4",
      "resolved": "https://registry.npmjs.org/@capacitor/core/-/core-8.3.4.tgz",
      "integrity": "sha512-CqRQCkb6HXxcx/N7s+hHTN6ef2CmamFiRMITwm4qB840ph56mS42bzUgn6tKCP+RZjdDweiRHj9ytDDeN6jFag==",
      "license": "MIT",
      "dependencies": {
        "tslib": "^2.1.0"
      }
    },
    "node_modules/@capacitor/filesystem": {
      "version": "8.1.2",
      "resolved": "https://registry.npmjs.org/@capacitor/filesystem/-/filesystem-8.1.2.tgz",
      "integrity": "sha512-doaaMfGoFR2hWU6aV6u83I+5ZsGyJVq+Gz4r9lMpJzUKMm1eMu0hLnFdV1aXZlU9FlK/RndFrVD8oRZfNOqWgQ==",
      "license": "MIT",
      "dependencies": {
        "@capacitor/synapse": "^1.0.4"
      },
      "peerDependencies": {
        "@capacitor/core": ">=8.0.0"
      }
    },
    "node_modules/@capacitor/synapse": {
      "version": "1.0.4",
      "resolved": "https://registry.npmjs.org/@capacitor/synapse/-/synapse-1.0.4.tgz",
      "integrity": "sha512-/C1FUo8/OkKuAT4nCIu/34ny9siNHr9qtFezu4kxm6GY1wNFxrCFWjfYx5C1tUhVGz3fxBABegupkpjXvjCHrw==",
      "license": "ISC"
    },
    "node_modules/tslib": {
      "version": "2.8.1",
      "resolved": "https://registry.npmjs.org/tslib/-/tslib-2.8.1.tgz",
      "integrity": "sha512-oJFu94HQb+KVduSUQL7wnpmqnfmLsOA/nAh6b6EH0wCEoK0/mPeXU6c3wKDV83MkOuHPRHtSXKKU99IBazS/2w==",
      "license": "0BSD"
    }
  }
}
